
Microsoft Visual Studio Solution File, Format Version 11.00
# Visual C# Express 2010
Project("{FAE04EC0-301F-11D3-BF4B-00C04F79EFBC}") = "WPFPipes", "WPFPipes\WPFPipes.csproj", "{F24CF213-C54C-4C7B-846D-5C9C4EC9A51C}"
EndProject
Project("{FAE04EC0-301F-11D3-BF4B-00C04F79EFBC}") = "WPFPipes.Engine", "WPFPipes.Engine\WPFPipes.Engine.csproj", "{0EC0223B-A3B9-4C5F-85E9-ADAF64DF1EE0}"
EndProject
Global
	GlobalSection(SolutionConfigurationPlatforms) = preSolution
		Debug|Any CPU = Debug|Any CPU
		Debug|Mixed Platforms = Debug|Mixed Platforms
		Debug|x86 = Debug|x86
		Release|Any CPU = Release|Any CPU
		Release|Mixed Platforms = Release|Mixed Platforms
		Release|x86 = Release|x86
	EndGlobalSection
	GlobalSection(ProjectConfigurationPlatforms) = postSolution
		{F24CF213-C54C-4C7B-846D-5C9C4EC9A51C}.Debug|Any CPU.ActiveCfg = Debug|x86
		{F24CF213-C54C-4C7B-846D-5C9C4EC9A51C}.Debug|Mixed Platforms.ActiveCfg = Debug|x86
		{F24CF213-C54C-4C7B-846D-5C9C4EC9A51C}.Debug|Mixed Platforms.Build.0 = Debug|x86
		{F24CF213-C54C-4C7B-846D-5C9C4EC9A51C}.Debug|x86.ActiveCfg = Debug|x86
		{F24CF213-C54C-4C7B-846D-5C9C4EC9A51C}.Debug|x86.Build.0 = Debug|x86
		{F24CF213-C54C-4C7B-846D-5C9C4EC9A51C}.Release|Any CPU.ActiveCfg = Release|x86
		{F24CF213-C54C-4C7B-846D-5C9C4EC9A51C}.Release|Mixed Platforms.ActiveCfg = Release|x86
		{F24CF213-C54C-4C7B-846D-5C9C4EC9A51C}.Release|Mixed Platforms.Build.0 = Release|x86
		{F24CF213-C54C-4C7B-846D-5C9C4EC9A51C}.Release|x86.ActiveCfg = Release|x86
		{F24CF213-C54C-4C7B-846D-5C9C4EC9A51C}.Release|x86.Build.0 = Release|x86
		{0EC0223B-A3B9-4C5F-85E9-ADAF64DF1EE0}.Debug|Any CPU.ActiveCfg = Debug|Any CPU
		{0EC0223B-A3B9-4C5F-85E9-ADAF64DF1EE0}.Debug|Any CPU.Build.0 = Debug|Any CPU
		{0EC0223B-A3B9-4C5F-85E9-ADAF64DF1EE0}.Debug|Mixed Platforms.ActiveCfg = Debug|Any CPU
		{0EC0223B-A3B9-4C5F-85E9-ADAF64DF1EE0}.Debug|Mixed Platforms.Build.0 = Debug|Any CPU
		{0EC0223B-A3B9-4C5F-85E9-ADAF64DF1EE0}.Debug|x86.ActiveCfg = Debug|Any CPU
		{0EC0223B-A3B9-4C5F-85E9-ADAF64DF1EE0}.Release|Any CPU.ActiveCfg = Release|Any CPU
		{0EC0223B-A3B9-4C5F-85E9-ADAF64DF1EE0}.Release|Any CPU.Build.0 = Release|Any CPU
		{0EC0223B-A3B9-4C5F-85E9-ADAF64DF1EE0}.Release|Mixed Platforms.ActiveCfg = Release|Any CPU
		{0EC0223B-A3B9-4C5F-85E9-ADAF64DF1EE0}.Release|Mixed Platforms.Build.0 = Release|Any CPU
		{0EC0223B-A3B9-4C5F-85E9-ADAF64DF1EE0}.Release|x86.ActiveCfg = Release|Any CPU
	EndGlobalSection
	GlobalSection(SolutionProperties) = preSolution
		HideSolutionNode = FALSE
	EndGlobalSection
EndGlobal
